
Microsoft Visual Studio Solution File, Format Version 12.00
# Visual Studio Version 16
VisualStudioVersion = 16.0.28711.60
MinimumVisualStudioVersion = 15.0.26124.0
Project("{9A19103F-16F7-4668-BE54-9A1E7A4F7556}") = "Infrastructure.Crosscutting", "src\Infrastructure.Crosscutting\Infrastructure.Crosscutting.csproj", "{D29D8889-1AF1-4C55-A441-E2973E5B16A2}"
EndProject
Project("{2150E333-8FDC-42A3-9474-1A3956D46DE8}") = "Test", "Test", "{B2A9D6CC-E9E7-44D1-B46D-9668FC77B1AA}"
EndProject
Project("{9A19103F-16F7-4668-BE54-9A1E7A4F7556}") = "Domain.Core", "src\Domain.Core\Domain.Core.csproj", "{D9E38144-DA7A-4ED0-9B28-B5D6BA808C07}"
EndProject
Project("{9A19103F-16F7-4668-BE54-9A1E7A4F7556}") = "Infrastructure.Data.MongoDB", "src\Infrastructure.Data.MongoDB\Infrastructure.Data.MongoDB.csproj", "{90EC9523-241D-4C2D-8C7E-52EB2051B4C9}"
EndProject
Project("{2150E333-8FDC-42A3-9474-1A3956D46DE8}") = "Samples", "Samples", "{274D4A83-5F3E-4CB7-A581-E397C5161786}"
EndProject
Project("{9A19103F-16F7-4668-BE54-9A1E7A4F7556}") = "Catalog.API", "samples\Catalog.API\Catalog.API.csproj", "{C51BF70D-051A-4011-9408-7B38DD500F42}"
EndProject
Project("{9A19103F-16F7-4668-BE54-9A1E7A4F7556}") = "CataLog.Infrastructure.MongoDB.Repository", "samples\CataLog.Infrastructure.MongoDB.Repository\CataLog.Infrastructure.MongoDB.Repository.csproj", "{EC9FCC3F-252B-412B-A7F6-3C1DE8CEF3FC}"
EndProject
Project("{9A19103F-16F7-4668-BE54-9A1E7A4F7556}") = "Catalog.Domain", "samples\Catalog.Domain\Catalog.Domain.csproj", "{59BEF6A6-2B06-4804-AF2C-BD2E8C24E6B9}"
EndProject
Project("{9A19103F-16F7-4668-BE54-9A1E7A4F7556}") = "Infrastructure.Crosscutting.Json.NewtonsoftJson", "src\Infrastructure.Crosscutting.Json.NewtonsoftJson\Infrastructure.Crosscutting.Json.NewtonsoftJson.csproj", "{37E0AFBC-DCE9-4605-A2AD-FA4F21D0BF8D}"
EndProject
Project("{9A19103F-16F7-4668-BE54-9A1E7A4F7556}") = "Infrastructure.Crosscutting.Tests", "test\Infrastructure.Crosscutting.Tests\Infrastructure.Crosscutting.Tests.csproj", "{3A605223-B38F-4E59-B3F1-12C03C0878B1}"
EndProject
Project("{9A19103F-16F7-4668-BE54-9A1E7A4F7556}") = "Infrastructure.Data.MongoDB.Tests", "test\Infrastructure.Data.MongoDB.Tests\Infrastructure.Data.MongoDB.Tests.csproj", "{712CCC93-FD46-42E1-8E77-ABA5A5889860}"
EndProject
Project("{9A19103F-16F7-4668-BE54-9A1E7A4F7556}") = "MongodbTransaction.Tests", "test\MongodbTransaction.Tests\MongodbTransaction.Tests.csproj", "{C14631CC-B607-46C7-A50B-0D8ABEC92663}"
EndProject
Project("{2150E333-8FDC-42A3-9474-1A3956D46DE8}") = "nuget", "nuget", "{4CFE9EC6-BA9B-4103-861E-E100D2C496DA}"
EndProject
Project("{2150E333-8FDC-42A3-9474-1A3956D46DE8}") = "Order", "Order", "{071E51B7-EBDA-43E7-B1BC-34343E184836}"
EndProject
Project("{2150E333-8FDC-42A3-9474-1A3956D46DE8}") = "Product", "Product", "{083925C9-B46D-4EB3-BD50-78C54BD5F12B}"
EndProject
Project("{9A19103F-16F7-4668-BE54-9A1E7A4F7556}") = "Sample.Product.Domain", "samples\Sample.Product.Domain\Sample.Product.Domain.csproj", "{E3615FA3-E1FB-44B3-BFD2-CD64A4323236}"
EndProject
Project("{9A19103F-16F7-4668-BE54-9A1E7A4F7556}") = "Sample.Product.Repository.MongoDB", "samples\Sample.Product.Repository.MongoDB\Sample.Product.Repository.MongoDB.csproj", "{CFD2098A-5990-4160-8FAF-187FD0BFD315}"
EndProject
Project("{9A19103F-16F7-4668-BE54-9A1E7A4F7556}") = "Sample.Product.Api", "samples\Sample.Product.Api\Sample.Product.Api.csproj", "{9C3538B0-4D40-41A5-B9E2-17F59AF8C15D}"
EndProject
Project("{9A19103F-16F7-4668-BE54-9A1E7A4F7556}") = "Sample.Product.Application", "samples\Sample.Product.Application\Sample.Product.Application.csproj", "{FEB51F9D-7AA4-47B3-9365-759509B504BA}"
EndProject
Project("{9A19103F-16F7-4668-BE54-9A1E7A4F7556}") = "Sample.Order.Domain", "samples\Sample.Order.Domain\Sample.Order.Domain.csproj", "{CD3BCFDD-5915-4671-8D1F-7C45AD3E4C44}"
EndProject
Project("{9A19103F-16F7-4668-BE54-9A1E7A4F7556}") = "Sample.Order.Repository.MongoDB", "samples\Sample.Order.Repository.MongoDB\Sample.Order.Repository.MongoDB.csproj", "{E2A11DE5-4AD1-426C-93C6-A55F5941CC4C}"
EndProject
Project("{9A19103F-16F7-4668-BE54-9A1E7A4F7556}") = "Sample.Order.Api", "samples\Sample.Order.Api\Sample.Order.Api.csproj", "{27A0055C-2391-4CDC-A488-D0B486AA77A8}"
EndProject
Project("{9A19103F-16F7-4668-BE54-9A1E7A4F7556}") = "Sample.Order.Application", "samples\Sample.Order.Application\Sample.Order.Application.csproj", "{45A2C069-CB97-48BE-804D-35F9C002A98F}"
EndProject
Project("{9A19103F-16F7-4668-BE54-9A1E7A4F7556}") = "Domain.Core.Tests", "test\Domain.Core.Tests\Domain.Core.Tests.csproj", "{317CFBA9-A4C7-4892-A5E6-282BD3E495D4}"
EndProject
Project("{9A19103F-16F7-4668-BE54-9A1E7A4F7556}") = "Infrastructure.Authorization.Client", "src\Infrastructure.Authorization.Client\Infrastructure.Authorization.Client.csproj", "{393E2261-EC80-4FA7-BF9A-D16BEB0BA8A5}"
EndProject
Project("{9A19103F-16F7-4668-BE54-9A1E7A4F7556}") = "Infrastructure.Authorization.Admin", "src\Infrastructure.Authorization.Admin\Infrastructure.Authorization.Admin.csproj", "{DF778F5A-69D1-423B-A00E-34FD4E50EDFD}"
EndProject
Project("{9A19103F-16F7-4668-BE54-9A1E7A4F7556}") = "Infrastructure.Authorization.Client.Tests", "test\Infrastructure.Authorization.Client.Tests\Infrastructure.Authorization.Client.Tests.csproj", "{8EEFB161-E568-46BF-B6D8-1C5A1067D58F}"
EndProject
Project("{9A19103F-16F7-4668-BE54-9A1E7A4F7556}") = "Auth.ClientTestApi", "samples\Auth.ClientTestApi\Auth.ClientTestApi.csproj", "{A379F3EB-23D3-491B-905B-E6A36DFD7F22}"
EndProject
Project("{9A19103F-16F7-4668-BE54-9A1E7A4F7556}") = "Infrastructure.Authorization.Merchant", "src\Infrastructure.Authorization.Merchant\Infrastructure.Authorization.Merchant.csproj", "{FAB0A5F1-DFA3-4788-BDB2-A69BB3DF3468}"
EndProject
Project("{9A19103F-16F7-4668-BE54-9A1E7A4F7556}") = "Infrastructure.Job.Hangfire", "src\Infrastructure.Job.Hangfire\Infrastructure.Job.Hangfire.csproj", "{6BD46D1D-712D-4B3F-82C5-10C7D430E17F}"
EndProject
Project("{9A19103F-16F7-4668-BE54-9A1E7A4F7556}") = "Infrastructure.Crosscutting.Cache.StackExchangeRedis", "src\Infrastructure.Crosscutting.Cache.StackExchangeRedis\Infrastructure.Crosscutting.Cache.StackExchangeRedis.csproj", "{CE2976B1-3798-4E42-8064-1F3EB05F22B3}"
EndProject
Project("{9A19103F-16F7-4668-BE54-9A1E7A4F7556}") = "Infrastructure.IntegrationEventService", "src\Infrastructure.IntegrationEventService\Infrastructure.IntegrationEventService.csproj", "{B8B9F288-38F2-4514-9A03-5F870DF87912}"
EndProject
Project("{9A19103F-16F7-4668-BE54-9A1E7A4F7556}") = "Contracts", "samples\Contracts\Contracts.csproj", "{03F8D6F8-95DE-49BC-A51D-6C02D41814A9}"
EndProject
Global
	GlobalSection(SolutionConfigurationPlatforms) = preSolution
		Debug|Any CPU = Debug|Any CPU
		Debug|x64 = Debug|x64
		Debug|x86 = Debug|x86
		Release|Any CPU = Release|Any CPU
		Release|x64 = Release|x64
		Release|x86 = Release|x86
	EndGlobalSection
	GlobalSection(ProjectConfigurationPlatforms) = postSolution
		{D29D8889-1AF1-4C55-A441-E2973E5B16A2}.Debug|Any CPU.ActiveCfg = Debug|Any CPU
		{D29D8889-1AF1-4C55-A441-E2973E5B16A2}.Debug|Any CPU.Build.0 = Debug|Any CPU
		{D29D8889-1AF1-4C55-A441-E2973E5B16A2}.Debug|x64.ActiveCfg = Debug|Any CPU
		{D29D8889-1AF1-4C55-A441-E2973E5B16A2}.Debug|x64.Build.0 = Debug|Any CPU
		{D29D8889-1AF1-4C55-A441-E2973E5B16A2}.Debug|x86.ActiveCfg = Debug|Any CPU
		{D29D8889-1AF1-4C55-A441-E2973E5B16A2}.Debug|x86.Build.0 = Debug|Any CPU
		{D29D8889-1AF1-4C55-A441-E2973E5B16A2}.Release|Any CPU.ActiveCfg = Release|Any CPU
		{D29D8889-1AF1-4C55-A441-E2973E5B16A2}.Release|Any CPU.Build.0 = Release|Any CPU
		{D29D8889-1AF1-4C55-A441-E2973E5B16A2}.Release|x64.ActiveCfg = Release|Any CPU
		{D29D8889-1AF1-4C55-A441-E2973E5B16A2}.Release|x64.Build.0 = Release|Any CPU
		{D29D8889-1AF1-4C55-A441-E2973E5B16A2}.Release|x86.ActiveCfg = Release|Any CPU
		{D29D8889-1AF1-4C55-A441-E2973E5B16A2}.Release|x86.Build.0 = Release|Any CPU
		{D9E38144-DA7A-4ED0-9B28-B5D6BA808C07}.Debug|Any CPU.ActiveCfg = Debug|Any CPU
		{D9E38144-DA7A-4ED0-9B28-B5D6BA808C07}.Debug|Any CPU.Build.0 = Debug|Any CPU
		{D9E38144-DA7A-4ED0-9B28-B5D6BA808C07}.Debug|x64.ActiveCfg = Debug|Any CPU
		{D9E38144-DA7A-4ED0-9B28-B5D6BA808C07}.Debug|x64.Build.0 = Debug|Any CPU
		{D9E38144-DA7A-4ED0-9B28-B5D6BA808C07}.Debug|x86.ActiveCfg = Debug|Any CPU
		{D9E38144-DA7A-4ED0-9B28-B5D6BA808C07}.Debug|x86.Build.0 = Debug|Any CPU
		{D9E38144-DA7A-4ED0-9B28-B5D6BA808C07}.Release|Any CPU.ActiveCfg = Release|Any CPU
		{D9E38144-DA7A-4ED0-9B28-B5D6BA808C07}.Release|Any CPU.Build.0 = Release|Any CPU
		{D9E38144-DA7A-4ED0-9B28-B5D6BA808C07}.Release|x64.ActiveCfg = Release|Any CPU
		{D9E38144-DA7A-4ED0-9B28-B5D6BA808C07}.Release|x64.Build.0 = Release|Any CPU
		{D9E38144-DA7A-4ED0-9B28-B5D6BA808C07}.Release|x86.ActiveCfg = Release|Any CPU
		{D9E38144-DA7A-4ED0-9B28-B5D6BA808C07}.Release|x86.Build.0 = Release|Any CPU
		{90EC9523-241D-4C2D-8C7E-52EB2051B4C9}.Debug|Any CPU.ActiveCfg = Debug|Any CPU
		{90EC9523-241D-4C2D-8C7E-52EB2051B4C9}.Debug|Any CPU.Build.0 = Debug|Any CPU
		{90EC9523-241D-4C2D-8C7E-52EB2051B4C9}.Debug|x64.ActiveCfg = Debug|Any CPU
		{90EC9523-241D-4C2D-8C7E-52EB2051B4C9}.Debug|x64.Build.0 = Debug|Any CPU
		{90EC9523-241D-4C2D-8C7E-52EB2051B4C9}.Debug|x86.ActiveCfg = Debug|Any CPU
		{90EC9523-241D-4C2D-8C7E-52EB2051B4C9}.Debug|x86.Build.0 = Debug|Any CPU
		{90EC9523-241D-4C2D-8C7E-52EB2051B4C9}.Release|Any CPU.ActiveCfg = Release|Any CPU
		{90EC9523-241D-4C2D-8C7E-52EB2051B4C9}.Release|Any CPU.Build.0 = Release|Any CPU
		{90EC9523-241D-4C2D-8C7E-52EB2051B4C9}.Release|x64.ActiveCfg = Release|Any CPU
		{90EC9523-241D-4C2D-8C7E-52EB2051B4C9}.Release|x64.Build.0 = Release|Any CPU
		{90EC9523-241D-4C2D-8C7E-52EB2051B4C9}.Release|x86.ActiveCfg = Release|Any CPU
		{90EC9523-241D-4C2D-8C7E-52EB2051B4C9}.Release|x86.Build.0 = Release|Any CPU
		{C51BF70D-051A-4011-9408-7B38DD500F42}.Debug|Any CPU.ActiveCfg = Debug|Any CPU
		{C51BF70D-051A-4011-9408-7B38DD500F42}.Debug|Any CPU.Build.0 = Debug|Any CPU
		{C51BF70D-051A-4011-9408-7B38DD500F42}.Debug|x64.ActiveCfg = Debug|Any CPU
		{C51BF70D-051A-4011-9408-7B38DD500F42}.Debug|x64.Build.0 = Debug|Any CPU
		{C51BF70D-051A-4011-9408-7B38DD500F42}.Debug|x86.ActiveCfg = Debug|Any CPU
		{C51BF70D-051A-4011-9408-7B38DD500F42}.Debug|x86.Build.0 = Debug|Any CPU
		{C51BF70D-051A-4011-9408-7B38DD500F42}.Release|Any CPU.ActiveCfg = Release|Any CPU
		{C51BF70D-051A-4011-9408-7B38DD500F42}.Release|Any CPU.Build.0 = Release|Any CPU
		{C51BF70D-051A-4011-9408-7B38DD500F42}.Release|x64.ActiveCfg = Release|Any CPU
		{C51BF70D-051A-4011-9408-7B38DD500F42}.Release|x64.Build.0 = Release|Any CPU
		{C51BF70D-051A-4011-9408-7B38DD500F42}.Release|x86.ActiveCfg = Release|Any CPU
		{C51BF70D-051A-4011-9408-7B38DD500F42}.Release|x86.Build.0 = Release|Any CPU
		{EC9FCC3F-252B-412B-A7F6-3C1DE8CEF3FC}.Debug|Any CPU.ActiveCfg = Debug|Any CPU
		{EC9FCC3F-252B-412B-A7F6-3C1DE8CEF3FC}.Debug|Any CPU.Build.0 = Debug|Any CPU
		{EC9FCC3F-252B-412B-A7F6-3C1DE8CEF3FC}.Debug|x64.ActiveCfg = Debug|Any CPU
		{EC9FCC3F-252B-412B-A7F6-3C1DE8CEF3FC}.Debug|x64.Build.0 = Debug|Any CPU
		{EC9FCC3F-252B-412B-A7F6-3C1DE8CEF3FC}.Debug|x86.ActiveCfg = Debug|Any CPU
		{EC9FCC3F-252B-412B-A7F6-3C1DE8CEF3FC}.Debug|x86.Build.0 = Debug|Any CPU
		{EC9FCC3F-252B-412B-A7F6-3C1DE8CEF3FC}.Release|Any CPU.ActiveCfg = Release|Any CPU
		{EC9FCC3F-252B-412B-A7F6-3C1DE8CEF3FC}.Release|Any CPU.Build.0 = Release|Any CPU
		{EC9FCC3F-252B-412B-A7F6-3C1DE8CEF3FC}.Release|x64.ActiveCfg = Release|Any CPU
		{EC9FCC3F-252B-412B-A7F6-3C1DE8CEF3FC}.Release|x64.Build.0 = Release|Any CPU
		{EC9FCC3F-252B-412B-A7F6-3C1DE8CEF3FC}.Release|x86.ActiveCfg = Release|Any CPU
		{EC9FCC3F-252B-412B-A7F6-3C1DE8CEF3FC}.Release|x86.Build.0 = Release|Any CPU
		{59BEF6A6-2B06-4804-AF2C-BD2E8C24E6B9}.Debug|Any CPU.ActiveCfg = Debug|Any CPU
		{59BEF6A6-2B06-4804-AF2C-BD2E8C24E6B9}.Debug|Any CPU.Build.0 = Debug|Any CPU
		{59BEF6A6-2B06-4804-AF2C-BD2E8C24E6B9}.Debug|x64.ActiveCfg = Debug|Any CPU
		{59BEF6A6-2B06-4804-AF2C-BD2E8C24E6B9}.Debug|x64.Build.0 = Debug|Any CPU
		{59BEF6A6-2B06-4804-AF2C-BD2E8C24E6B9}.Debug|x86.ActiveCfg = Debug|Any CPU
		{59BEF6A6-2B06-4804-AF2C-BD2E8C24E6B9}.Debug|x86.Build.0 = Debug|Any CPU
		{59BEF6A6-2B06-4804-AF2C-BD2E8C24E6B9}.Release|Any CPU.ActiveCfg = Release|Any CPU
		{59BEF6A6-2B06-4804-AF2C-BD2E8C24E6B9}.Release|Any CPU.Build.0 = Release|Any CPU
		{59BEF6A6-2B06-4804-AF2C-BD2E8C24E6B9}.Release|x64.ActiveCfg = Release|Any CPU
		{59BEF6A6-2B06-4804-AF2C-BD2E8C24E6B9}.Release|x64.Build.0 = Release|Any CPU
		{59BEF6A6-2B06-4804-AF2C-BD2E8C24E6B9}.Release|x86.ActiveCfg = Release|Any CPU
		{59BEF6A6-2B06-4804-AF2C-BD2E8C24E6B9}.Release|x86.Build.0 = Release|Any CPU
		{37E0AFBC-DCE9-4605-A2AD-FA4F21D0BF8D}.Debug|Any CPU.ActiveCfg = Debug|Any CPU
		{37E0AFBC-DCE9-4605-A2AD-FA4F21D0BF8D}.Debug|Any CPU.Build.0 = Debug|Any CPU
		{37E0AFBC-DCE9-4605-A2AD-FA4F21D0BF8D}.Debug|x64.ActiveCfg = Debug|Any CPU
		{37E0AFBC-DCE9-4605-A2AD-FA4F21D0BF8D}.Debug|x64.Build.0 = Debug|Any CPU
		{37E0AFBC-DCE9-4605-A2AD-FA4F21D0BF8D}.Debug|x86.ActiveCfg = Debug|Any CPU
		{37E0AFBC-DCE9-4605-A2AD-FA4F21D0BF8D}.Debug|x86.Build.0 = Debug|Any CPU
		{37E0AFBC-DCE9-4605-A2AD-FA4F21D0BF8D}.Release|Any CPU.ActiveCfg = Release|Any CPU
		{37E0AFBC-DCE9-4605-A2AD-FA4F21D0BF8D}.Release|Any CPU.Build.0 = Release|Any CPU
		{37E0AFBC-DCE9-4605-A2AD-FA4F21D0BF8D}.Release|x64.ActiveCfg = Release|Any CPU
		{37E0AFBC-DCE9-4605-A2AD-FA4F21D0BF8D}.Release|x64.Build.0 = Release|Any CPU
		{37E0AFBC-DCE9-4605-A2AD-FA4F21D0BF8D}.Release|x86.ActiveCfg = Release|Any CPU
		{37E0AFBC-DCE9-4605-A2AD-FA4F21D0BF8D}.Release|x86.Build.0 = Release|Any CPU
		{3A605223-B38F-4E59-B3F1-12C03C0878B1}.Debug|Any CPU.ActiveCfg = Debug|Any CPU
		{3A605223-B38F-4E59-B3F1-12C03C0878B1}.Debug|Any CPU.Build.0 = Debug|Any CPU
		{3A605223-B38F-4E59-B3F1-12C03C0878B1}.Debug|x64.ActiveCfg = Debug|Any CPU
		{3A605223-B38F-4E59-B3F1-12C03C0878B1}.Debug|x64.Build.0 = Debug|Any CPU
		{3A605223-B38F-4E59-B3F1-12C03C0878B1}.Debug|x86.ActiveCfg = Debug|Any CPU
		{3A605223-B38F-4E59-B3F1-12C03C0878B1}.Debug|x86.Build.0 = Debug|Any CPU
		{3A605223-B38F-4E59-B3F1-12C03C0878B1}.Release|Any CPU.ActiveCfg = Release|Any CPU
		{3A605223-B38F-4E59-B3F1-12C03C0878B1}.Release|Any CPU.Build.0 = Release|Any CPU
		{3A605223-B38F-4E59-B3F1-12C03C0878B1}.Release|x64.ActiveCfg = Release|Any CPU
		{3A605223-B38F-4E59-B3F1-12C03C0878B1}.Release|x64.Build.0 = Release|Any CPU
		{3A605223-B38F-4E59-B3F1-12C03C0878B1}.Release|x86.ActiveCfg = Release|Any CPU
		{3A605223-B38F-4E59-B3F1-12C03C0878B1}.Release|x86.Build.0 = Release|Any CPU
		{712CCC93-FD46-42E1-8E77-ABA5A5889860}.Debug|Any CPU.ActiveCfg = Debug|Any CPU
		{712CCC93-FD46-42E1-8E77-ABA5A5889860}.Debug|Any CPU.Build.0 = Debug|Any CPU
		{712CCC93-FD46-42E1-8E77-ABA5A5889860}.Debug|x64.ActiveCfg = Debug|Any CPU
		{712CCC93-FD46-42E1-8E77-ABA5A5889860}.Debug|x64.Build.0 = Debug|Any CPU
		{712CCC93-FD46-42E1-8E77-ABA5A5889860}.Debug|x86.ActiveCfg = Debug|Any CPU
		{712CCC93-FD46-42E1-8E77-ABA5A5889860}.Debug|x86.Build.0 = Debug|Any CPU
		{712CCC93-FD46-42E1-8E77-ABA5A5889860}.Release|Any CPU.ActiveCfg = Release|Any CPU
		{712CCC93-FD46-42E1-8E77-ABA5A5889860}.Release|Any CPU.Build.0 = Release|Any CPU
		{712CCC93-FD46-42E1-8E77-ABA5A5889860}.Release|x64.ActiveCfg = Release|Any CPU
		{712CCC93-FD46-42E1-8E77-ABA5A5889860}.Release|x64.Build.0 = Release|Any CPU
		{712CCC93-FD46-42E1-8E77-ABA5A5889860}.Release|x86.ActiveCfg = Release|Any CPU
		{712CCC93-FD46-42E1-8E77-ABA5A5889860}.Release|x86.Build.0 = Release|Any CPU
		{C14631CC-B607-46C7-A50B-0D8ABEC92663}.Debug|Any CPU.ActiveCfg = Debug|Any CPU
		{C14631CC-B607-46C7-A50B-0D8ABEC92663}.Debug|Any CPU.Build.0 = Debug|Any CPU
		{C14631CC-B607-46C7-A50B-0D8ABEC92663}.Debug|x64.ActiveCfg = Debug|Any CPU
		{C14631CC-B607-46C7-A50B-0D8ABEC92663}.Debug|x64.Build.0 = Debug|Any CPU
		{C14631CC-B607-46C7-A50B-0D8ABEC92663}.Debug|x86.ActiveCfg = Debug|Any CPU
		{C14631CC-B607-46C7-A50B-0D8ABEC92663}.Debug|x86.Build.0 = Debug|Any CPU
		{C14631CC-B607-46C7-A50B-0D8ABEC92663}.Release|Any CPU.ActiveCfg = Release|Any CPU
		{C14631CC-B607-46C7-A50B-0D8ABEC92663}.Release|Any CPU.Build.0 = Release|Any CPU
		{C14631CC-B607-46C7-A50B-0D8ABEC92663}.Release|x64.ActiveCfg = Release|Any CPU
		{C14631CC-B607-46C7-A50B-0D8ABEC92663}.Release|x64.Build.0 = Release|Any CPU
		{C14631CC-B607-46C7-A50B-0D8ABEC92663}.Release|x86.ActiveCfg = Release|Any CPU
		{C14631CC-B607-46C7-A50B-0D8ABEC92663}.Release|x86.Build.0 = Release|Any CPU
		{E3615FA3-E1FB-44B3-BFD2-CD64A4323236}.Debug|Any CPU.ActiveCfg = Debug|Any CPU
		{E3615FA3-E1FB-44B3-BFD2-CD64A4323236}.Debug|Any CPU.Build.0 = Debug|Any CPU
		{E3615FA3-E1FB-44B3-BFD2-CD64A4323236}.Debug|x64.ActiveCfg = Debug|Any CPU
		{E3615FA3-E1FB-44B3-BFD2-CD64A4323236}.Debug|x64.Build.0 = Debug|Any CPU
		{E3615FA3-E1FB-44B3-BFD2-CD64A4323236}.Debug|x86.ActiveCfg = Debug|Any CPU
		{E3615FA3-E1FB-44B3-BFD2-CD64A4323236}.Debug|x86.Build.0 = Debug|Any CPU
		{E3615FA3-E1FB-44B3-BFD2-CD64A4323236}.Release|Any CPU.ActiveCfg = Release|Any CPU
		{E3615FA3-E1FB-44B3-BFD2-CD64A4323236}.Release|Any CPU.Build.0 = Release|Any CPU
		{E3615FA3-E1FB-44B3-BFD2-CD64A4323236}.Release|x64.ActiveCfg = Release|Any CPU
		{E3615FA3-E1FB-44B3-BFD2-CD64A4323236}.Release|x64.Build.0 = Release|Any CPU
		{E3615FA3-E1FB-44B3-BFD2-CD64A4323236}.Release|x86.ActiveCfg = Release|Any CPU
		{E3615FA3-E1FB-44B3-BFD2-CD64A4323236}.Release|x86.Build.0 = Release|Any CPU
		{CFD2098A-5990-4160-8FAF-187FD0BFD315}.Debug|Any CPU.ActiveCfg = Debug|Any CPU
		{CFD2098A-5990-4160-8FAF-187FD0BFD315}.Debug|Any CPU.Build.0 = Debug|Any CPU
		{CFD2098A-5990-4160-8FAF-187FD0BFD315}.Debug|x64.ActiveCfg = Debug|Any CPU
		{CFD2098A-5990-4160-8FAF-187FD0BFD315}.Debug|x64.Build.0 = Debug|Any CPU
		{CFD2098A-5990-4160-8FAF-187FD0BFD315}.Debug|x86.ActiveCfg = Debug|Any CPU
		{CFD2098A-5990-4160-8FAF-187FD0BFD315}.Debug|x86.Build.0 = Debug|Any CPU
		{CFD2098A-5990-4160-8FAF-187FD0BFD315}.Release|Any CPU.ActiveCfg = Release|Any CPU
		{CFD2098A-5990-4160-8FAF-187FD0BFD315}.Release|Any CPU.Build.0 = Release|Any CPU
		{CFD2098A-5990-4160-8FAF-187FD0BFD315}.Release|x64.ActiveCfg = Release|Any CPU
		{CFD2098A-5990-4160-8FAF-187FD0BFD315}.Release|x64.Build.0 = Release|Any CPU
		{CFD2098A-5990-4160-8FAF-187FD0BFD315}.Release|x86.ActiveCfg = Release|Any CPU
		{CFD2098A-5990-4160-8FAF-187FD0BFD315}.Release|x86.Build.0 = Release|Any CPU
		{9C3538B0-4D40-41A5-B9E2-17F59AF8C15D}.Debug|Any CPU.ActiveCfg = Debug|Any CPU
		{9C3538B0-4D40-41A5-B9E2-17F59AF8C15D}.Debug|Any CPU.Build.0 = Debug|Any CPU
		{9C3538B0-4D40-41A5-B9E2-17F59AF8C15D}.Debug|x64.ActiveCfg = Debug|Any CPU
		{9C3538B0-4D40-41A5-B9E2-17F59AF8C15D}.Debug|x64.Build.0 = Debug|Any CPU
		{9C3538B0-4D40-41A5-B9E2-17F59AF8C15D}.Debug|x86.ActiveCfg = Debug|Any CPU
		{9C3538B0-4D40-41A5-B9E2-17F59AF8C15D}.Debug|x86.Build.0 = Debug|Any CPU
		{9C3538B0-4D40-41A5-B9E2-17F59AF8C15D}.Release|Any CPU.ActiveCfg = Release|Any CPU
		{9C3538B0-4D40-41A5-B9E2-17F59AF8C15D}.Release|Any CPU.Build.0 = Release|Any CPU
		{9C3538B0-4D40-41A5-B9E2-17F59AF8C15D}.Release|x64.ActiveCfg = Release|Any CPU
		{9C3538B0-4D40-41A5-B9E2-17F59AF8C15D}.Release|x64.Build.0 = Release|Any CPU
		{9C3538B0-4D40-41A5-B9E2-17F59AF8C15D}.Release|x86.ActiveCfg = Release|Any CPU
		{9C3538B0-4D40-41A5-B9E2-17F59AF8C15D}.Release|x86.Build.0 = Release|Any CPU
		{FEB51F9D-7AA4-47B3-9365-759509B504BA}.Debug|Any CPU.ActiveCfg = Debug|Any CPU
		{FEB51F9D-7AA4-47B3-9365-759509B504BA}.Debug|Any CPU.Build.0 = Debug|Any CPU
		{FEB51F9D-7AA4-47B3-9365-759509B504BA}.Debug|x64.ActiveCfg = Debug|Any CPU
		{FEB51F9D-7AA4-47B3-9365-759509B504BA}.Debug|x64.Build.0 = Debug|Any CPU
		{FEB51F9D-7AA4-47B3-9365-759509B504BA}.Debug|x86.ActiveCfg = Debug|Any CPU
		{FEB51F9D-7AA4-47B3-9365-759509B504BA}.Debug|x86.Build.0 = Debug|Any CPU
		{FEB51F9D-7AA4-47B3-9365-759509B504BA}.Release|Any CPU.ActiveCfg = Release|Any CPU
		{FEB51F9D-7AA4-47B3-9365-759509B504BA}.Release|Any CPU.Build.0 = Release|Any CPU
		{FEB51F9D-7AA4-47B3-9365-759509B504BA}.Release|x64.ActiveCfg = Release|Any CPU
		{FEB51F9D-7AA4-47B3-9365-759509B504BA}.Release|x64.Build.0 = Release|Any CPU
		{FEB51F9D-7AA4-47B3-9365-759509B504BA}.Release|x86.ActiveCfg = Release|Any CPU
		{FEB51F9D-7AA4-47B3-9365-759509B504BA}.Release|x86.Build.0 = Release|Any CPU
		{CD3BCFDD-5915-4671-8D1F-7C45AD3E4C44}.Debug|Any CPU.ActiveCfg = Debug|Any CPU
		{CD3BCFDD-5915-4671-8D1F-7C45AD3E4C44}.Debug|Any CPU.Build.0 = Debug|Any CPU
		{CD3BCFDD-5915-4671-8D1F-7C45AD3E4C44}.Debug|x64.ActiveCfg = Debug|Any CPU
		{CD3BCFDD-5915-4671-8D1F-7C45AD3E4C44}.Debug|x64.Build.0 = Debug|Any CPU
		{CD3BCFDD-5915-4671-8D1F-7C45AD3E4C44}.Debug|x86.ActiveCfg = Debug|Any CPU
		{CD3BCFDD-5915-4671-8D1F-7C45AD3E4C44}.Debug|x86.Build.0 = Debug|Any CPU
		{CD3BCFDD-5915-4671-8D1F-7C45AD3E4C44}.Release|Any CPU.ActiveCfg = Release|Any CPU
		{CD3BCFDD-5915-4671-8D1F-7C45AD3E4C44}.Release|Any CPU.Build.0 = Release|Any CPU
		{CD3BCFDD-5915-4671-8D1F-7C45AD3E4C44}.Release|x64.ActiveCfg = Release|Any CPU
		{CD3BCFDD-5915-4671-8D1F-7C45AD3E4C44}.Release|x64.Build.0 = Release|Any CPU
		{CD3BCFDD-5915-4671-8D1F-7C45AD3E4C44}.Release|x86.ActiveCfg = Release|Any CPU
		{CD3BCFDD-5915-4671-8D1F-7C45AD3E4C44}.Release|x86.Build.0 = Release|Any CPU
		{E2A11DE5-4AD1-426C-93C6-A55F5941CC4C}.Debug|Any CPU.ActiveCfg = Debug|Any CPU
		{E2A11DE5-4AD1-426C-93C6-A55F5941CC4C}.Debug|Any CPU.Build.0 = Debug|Any CPU
		{E2A11DE5-4AD1-426C-93C6-A55F5941CC4C}.Debug|x64.ActiveCfg = Debug|Any CPU
		{E2A11DE5-4AD1-426C-93C6-A55F5941CC4C}.Debug|x64.Build.0 = Debug|Any CPU
		{E2A11DE5-4AD1-426C-93C6-A55F5941CC4C}.Debug|x86.ActiveCfg = Debug|Any CPU
		{E2A11DE5-4AD1-426C-93C6-A55F5941CC4C}.Debug|x86.Build.0 = Debug|Any CPU
		{E2A11DE5-4AD1-426C-93C6-A55F5941CC4C}.Release|Any CPU.ActiveCfg = Release|Any CPU
		{E2A11DE5-4AD1-426C-93C6-A55F5941CC4C}.Release|Any CPU.Build.0 = Release|Any CPU
		{E2A11DE5-4AD1-426C-93C6-A55F5941CC4C}.Release|x64.ActiveCfg = Release|Any CPU
		{E2A11DE5-4AD1-426C-93C6-A55F5941CC4C}.Release|x64.Build.0 = Release|Any CPU
		{E2A11DE5-4AD1-426C-93C6-A55F5941CC4C}.Release|x86.ActiveCfg = Release|Any CPU
		{E2A11DE5-4AD1-426C-93C6-A55F5941CC4C}.Release|x86.Build.0 = Release|Any CPU
		{27A0055C-2391-4CDC-A488-D0B486AA77A8}.Debug|Any CPU.ActiveCfg = Debug|Any CPU
		{27A0055C-2391-4CDC-A488-D0B486AA77A8}.Debug|Any CPU.Build.0 = Debug|Any CPU
		{27A0055C-2391-4CDC-A488-D0B486AA77A8}.Debug|x64.ActiveCfg = Debug|Any CPU
		{27A0055C-2391-4CDC-A488-D0B486AA77A8}.Debug|x64.Build.0 = Debug|Any CPU
		{27A0055C-2391-4CDC-A488-D0B486AA77A8}.Debug|x86.ActiveCfg = Debug|Any CPU
		{27A0055C-2391-4CDC-A488-D0B486AA77A8}.Debug|x86.Build.0 = Debug|Any CPU
		{27A0055C-2391-4CDC-A488-D0B486AA77A8}.Release|Any CPU.ActiveCfg = Release|Any CPU
		{27A0055C-2391-4CDC-A488-D0B486AA77A8}.Release|Any CPU.Build.0 = Release|Any CPU
		{27A0055C-2391-4CDC-A488-D0B486AA77A8}.Release|x64.ActiveCfg = Release|Any CPU
		{27A0055C-2391-4CDC-A488-D0B486AA77A8}.Release|x64.Build.0 = Release|Any CPU
		{27A0055C-2391-4CDC-A488-D0B486AA77A8}.Release|x86.ActiveCfg = Release|Any CPU
		{27A0055C-2391-4CDC-A488-D0B486AA77A8}.Release|x86.Build.0 = Release|Any CPU
		{45A2C069-CB97-48BE-804D-35F9C002A98F}.Debug|Any CPU.ActiveCfg = Debug|Any CPU
		{45A2C069-CB97-48BE-804D-35F9C002A98F}.Debug|Any CPU.Build.0 = Debug|Any CPU
		{45A2C069-CB97-48BE-804D-35F9C002A98F}.Debug|x64.ActiveCfg = Debug|Any CPU
		{45A2C069-CB97-48BE-804D-35F9C002A98F}.Debug|x64.Build.0 = Debug|Any CPU
		{45A2C069-CB97-48BE-804D-35F9C002A98F}.Debug|x86.ActiveCfg = Debug|Any CPU
		{45A2C069-CB97-48BE-804D-35F9C002A98F}.Debug|x86.Build.0 = Debug|Any CPU
		{45A2C069-CB97-48BE-804D-35F9C002A98F}.Release|Any CPU.ActiveCfg = Release|Any CPU
		{45A2C069-CB97-48BE-804D-35F9C002A98F}.Release|Any CPU.Build.0 = Release|Any CPU
		{45A2C069-CB97-48BE-804D-35F9C002A98F}.Release|x64.ActiveCfg = Release|Any CPU
		{45A2C069-CB97-48BE-804D-35F9C002A98F}.Release|x64.Build.0 = Release|Any CPU
		{45A2C069-CB97-48BE-804D-35F9C002A98F}.Release|x86.ActiveCfg = Release|Any CPU
		{45A2C069-CB97-48BE-804D-35F9C002A98F}.Release|x86.Build.0 = Release|Any CPU
		{317CFBA9-A4C7-4892-A5E6-282BD3E495D4}.Debug|Any CPU.ActiveCfg = Debug|Any CPU
		{317CFBA9-A4C7-4892-A5E6-282BD3E495D4}.Debug|Any CPU.Build.0 = Debug|Any CPU
		{317CFBA9-A4C7-4892-A5E6-282BD3E495D4}.Debug|x64.ActiveCfg = Debug|Any CPU
		{317CFBA9-A4C7-4892-A5E6-282BD3E495D4}.Debug|x64.Build.0 = Debug|Any CPU
		{317CFBA9-A4C7-4892-A5E6-282BD3E495D4}.Debug|x86.ActiveCfg = Debug|Any CPU
		{317CFBA9-A4C7-4892-A5E6-282BD3E495D4}.Debug|x86.Build.0 = Debug|Any CPU
		{317CFBA9-A4C7-4892-A5E6-282BD3E495D4}.Release|Any CPU.ActiveCfg = Release|Any CPU
		{317CFBA9-A4C7-4892-A5E6-282BD3E495D4}.Release|Any CPU.Build.0 = Release|Any CPU
		{317CFBA9-A4C7-4892-A5E6-282BD3E495D4}.Release|x64.ActiveCfg = Release|Any CPU
		{317CFBA9-A4C7-4892-A5E6-282BD3E495D4}.Release|x64.Build.0 = Release|Any CPU
		{317CFBA9-A4C7-4892-A5E6-282BD3E495D4}.Release|x86.ActiveCfg = Release|Any CPU
		{317CFBA9-A4C7-4892-A5E6-282BD3E495D4}.Release|x86.Build.0 = Release|Any CPU
		{393E2261-EC80-4FA7-BF9A-D16BEB0BA8A5}.Debug|Any CPU.ActiveCfg = Debug|Any CPU
		{393E2261-EC80-4FA7-BF9A-D16BEB0BA8A5}.Debug|Any CPU.Build.0 = Debug|Any CPU
		{393E2261-EC80-4FA7-BF9A-D16BEB0BA8A5}.Debug|x64.ActiveCfg = Debug|Any CPU
		{393E2261-EC80-4FA7-BF9A-D16BEB0BA8A5}.Debug|x64.Build.0 = Debug|Any CPU
		{393E2261-EC80-4FA7-BF9A-D16BEB0BA8A5}.Debug|x86.ActiveCfg = Debug|Any CPU
		{393E2261-EC80-4FA7-BF9A-D16BEB0BA8A5}.Debug|x86.Build.0 = Debug|Any CPU
		{393E2261-EC80-4FA7-BF9A-D16BEB0BA8A5}.Release|Any CPU.ActiveCfg = Release|Any CPU
		{393E2261-EC80-4FA7-BF9A-D16BEB0BA8A5}.Release|Any CPU.Build.0 = Release|Any CPU
		{393E2261-EC80-4FA7-BF9A-D16BEB0BA8A5}.Release|x64.ActiveCfg = Release|Any CPU
		{393E2261-EC80-4FA7-BF9A-D16BEB0BA8A5}.Release|x64.Build.0 = Release|Any CPU
		{393E2261-EC80-4FA7-BF9A-D16BEB0BA8A5}.Release|x86.ActiveCfg = Release|Any CPU
		{393E2261-EC80-4FA7-BF9A-D16BEB0BA8A5}.Release|x86.Build.0 = Release|Any CPU
		{DF778F5A-69D1-423B-A00E-34FD4E50EDFD}.Debug|Any CPU.ActiveCfg = Debug|Any CPU
		{DF778F5A-69D1-423B-A00E-34FD4E50EDFD}.Debug|Any CPU.Build.0 = Debug|Any CPU
		{DF778F5A-69D1-423B-A00E-34FD4E50EDFD}.Debug|x64.ActiveCfg = Debug|Any CPU
		{DF778F5A-69D1-423B-A00E-34FD4E50EDFD}.Debug|x64.Build.0 = Debug|Any CPU
		{DF778F5A-69D1-423B-A00E-34FD4E50EDFD}.Debug|x86.ActiveCfg = Debug|Any CPU
		{DF778F5A-69D1-423B-A00E-34FD4E50EDFD}.Debug|x86.Build.0 = Debug|Any CPU
		{DF778F5A-69D1-423B-A00E-34FD4E50EDFD}.Release|Any CPU.ActiveCfg = Release|Any CPU
		{DF778F5A-69D1-423B-A00E-34FD4E50EDFD}.Release|Any CPU.Build.0 = Release|Any CPU
		{DF778F5A-69D1-423B-A00E-34FD4E50EDFD}.Release|x64.ActiveCfg = Release|Any CPU
		{DF778F5A-69D1-423B-A00E-34FD4E50EDFD}.Release|x64.Build.0 = Release|Any CPU
		{DF778F5A-69D1-423B-A00E-34FD4E50EDFD}.Release|x86.ActiveCfg = Release|Any CPU
		{DF778F5A-69D1-423B-A00E-34FD4E50EDFD}.Release|x86.Build.0 = Release|Any CPU
		{8EEFB161-E568-46BF-B6D8-1C5A1067D58F}.Debug|Any CPU.ActiveCfg = Debug|Any CPU
		{8EEFB161-E568-46BF-B6D8-1C5A1067D58F}.Debug|Any CPU.Build.0 = Debug|Any CPU
		{8EEFB161-E568-46BF-B6D8-1C5A1067D58F}.Debug|x64.ActiveCfg = Debug|Any CPU
		{8EEFB161-E568-46BF-B6D8-1C5A1067D58F}.Debug|x64.Build.0 = Debug|Any CPU
		{8EEFB161-E568-46BF-B6D8-1C5A1067D58F}.Debug|x86.ActiveCfg = Debug|Any CPU
		{8EEFB161-E568-46BF-B6D8-1C5A1067D58F}.Debug|x86.Build.0 = Debug|Any CPU
		{8EEFB161-E568-46BF-B6D8-1C5A1067D58F}.Release|Any CPU.ActiveCfg = Release|Any CPU
		{8EEFB161-E568-46BF-B6D8-1C5A1067D58F}.Release|Any CPU.Build.0 = Release|Any CPU
		{8EEFB161-E568-46BF-B6D8-1C5A1067D58F}.Release|x64.ActiveCfg = Release|Any CPU
		{8EEFB161-E568-46BF-B6D8-1C5A1067D58F}.Release|x64.Build.0 = Release|Any CPU
		{8EEFB161-E568-46BF-B6D8-1C5A1067D58F}.Release|x86.ActiveCfg = Release|Any CPU
		{8EEFB161-E568-46BF-B6D8-1C5A1067D58F}.Release|x86.Build.0 = Release|Any CPU
		{A379F3EB-23D3-491B-905B-E6A36DFD7F22}.Debug|Any CPU.ActiveCfg = Debug|Any CPU
		{A379F3EB-23D3-491B-905B-E6A36DFD7F22}.Debug|Any CPU.Build.0 = Debug|Any CPU
		{A379F3EB-23D3-491B-905B-E6A36DFD7F22}.Debug|x64.ActiveCfg = Debug|Any CPU
		{A379F3EB-23D3-491B-905B-E6A36DFD7F22}.Debug|x64.Build.0 = Debug|Any CPU
		{A379F3EB-23D3-491B-905B-E6A36DFD7F22}.Debug|x86.ActiveCfg = Debug|Any CPU
		{A379F3EB-23D3-491B-905B-E6A36DFD7F22}.Debug|x86.Build.0 = Debug|Any CPU
		{A379F3EB-23D3-491B-905B-E6A36DFD7F22}.Release|Any CPU.ActiveCfg = Release|Any CPU
		{A379F3EB-23D3-491B-905B-E6A36DFD7F22}.Release|Any CPU.Build.0 = Release|Any CPU
		{A379F3EB-23D3-491B-905B-E6A36DFD7F22}.Release|x64.ActiveCfg = Release|Any CPU
		{A379F3EB-23D3-491B-905B-E6A36DFD7F22}.Release|x64.Build.0 = Release|Any CPU
		{A379F3EB-23D3-491B-905B-E6A36DFD7F22}.Release|x86.ActiveCfg = Release|Any CPU
		{A379F3EB-23D3-491B-905B-E6A36DFD7F22}.Release|x86.Build.0 = Release|Any CPU
		{FAB0A5F1-DFA3-4788-BDB2-A69BB3DF3468}.Debug|Any CPU.ActiveCfg = Debug|Any CPU
		{FAB0A5F1-DFA3-4788-BDB2-A69BB3DF3468}.Debug|Any CPU.Build.0 = Debug|Any CPU
		{FAB0A5F1-DFA3-4788-BDB2-A69BB3DF3468}.Debug|x64.ActiveCfg = Debug|Any CPU
		{FAB0A5F1-DFA3-4788-BDB2-A69BB3DF3468}.Debug|x64.Build.0 = Debug|Any CPU
		{FAB0A5F1-DFA3-4788-BDB2-A69BB3DF3468}.Debug|x86.ActiveCfg = Debug|Any CPU
		{FAB0A5F1-DFA3-4788-BDB2-A69BB3DF3468}.Debug|x86.Build.0 = Debug|Any CPU
		{FAB0A5F1-DFA3-4788-BDB2-A69BB3DF3468}.Release|Any CPU.ActiveCfg = Release|Any CPU
		{FAB0A5F1-DFA3-4788-BDB2-A69BB3DF3468}.Release|Any CPU.Build.0 = Release|Any CPU
		{FAB0A5F1-DFA3-4788-BDB2-A69BB3DF3468}.Release|x64.ActiveCfg = Release|Any CPU
		{FAB0A5F1-DFA3-4788-BDB2-A69BB3DF3468}.Release|x64.Build.0 = Release|Any CPU
		{FAB0A5F1-DFA3-4788-BDB2-A69BB3DF3468}.Release|x86.ActiveCfg = Release|Any CPU
		{FAB0A5F1-DFA3-4788-BDB2-A69BB3DF3468}.Release|x86.Build.0 = Release|Any CPU
		{6BD46D1D-712D-4B3F-82C5-10C7D430E17F}.Debug|Any CPU.ActiveCfg = Debug|Any CPU
		{6BD46D1D-712D-4B3F-82C5-10C7D430E17F}.Debug|Any CPU.Build.0 = Debug|Any CPU
		{6BD46D1D-712D-4B3F-82C5-10C7D430E17F}.Debug|x64.ActiveCfg = Debug|Any CPU
		{6BD46D1D-712D-4B3F-82C5-10C7D430E17F}.Debug|x64.Build.0 = Debug|Any CPU
		{6BD46D1D-712D-4B3F-82C5-10C7D430E17F}.Debug|x86.ActiveCfg = Debug|Any CPU
		{6BD46D1D-712D-4B3F-82C5-10C7D430E17F}.Debug|x86.Build.0 = Debug|Any CPU
		{6BD46D1D-712D-4B3F-82C5-10C7D430E17F}.Release|Any CPU.ActiveCfg = Release|Any CPU
		{6BD46D1D-712D-4B3F-82C5-10C7D430E17F}.Release|Any CPU.Build.0 = Release|Any CPU
		{6BD46D1D-712D-4B3F-82C5-10C7D430E17F}.Release|x64.ActiveCfg = Release|Any CPU
		{6BD46D1D-712D-4B3F-82C5-10C7D430E17F}.Release|x64.Build.0 = Release|Any CPU
		{6BD46D1D-712D-4B3F-82C5-10C7D430E17F}.Release|x86.ActiveCfg = Release|Any CPU
		{6BD46D1D-712D-4B3F-82C5-10C7D430E17F}.Release|x86.Build.0 = Release|Any CPU
		{CE2976B1-3798-4E42-8064-1F3EB05F22B3}.Debug|Any CPU.ActiveCfg = Debug|Any CPU
		{CE2976B1-3798-4E42-8064-1F3EB05F22B3}.Debug|Any CPU.Build.0 = Debug|Any CPU
		{CE2976B1-3798-4E42-8064-1F3EB05F22B3}.Debug|x64.ActiveCfg = Debug|Any CPU
		{CE2976B1-3798-4E42-8064-1F3EB05F22B3}.Debug|x64.Build.0 = Debug|Any CPU
		{CE2976B1-3798-4E42-8064-1F3EB05F22B3}.Debug|x86.ActiveCfg = Debug|Any CPU
		{CE2976B1-3798-4E42-8064-1F3EB05F22B3}.Debug|x86.Build.0 = Debug|Any CPU
		{CE2976B1-3798-4E42-8064-1F3EB05F22B3}.Release|Any CPU.ActiveCfg = Release|Any CPU
		{CE2976B1-3798-4E42-8064-1F3EB05F22B3}.Release|Any CPU.Build.0 = Release|Any CPU
		{CE2976B1-3798-4E42-8064-1F3EB05F22B3}.Release|x64.ActiveCfg = Release|Any CPU
		{CE2976B1-3798-4E42-8064-1F3EB05F22B3}.Release|x64.Build.0 = Release|Any CPU
		{CE2976B1-3798-4E42-8064-1F3EB05F22B3}.Release|x86.ActiveCfg = Release|Any CPU
		{CE2976B1-3798-4E42-8064-1F3EB05F22B3}.Release|x86.Build.0 = Release|Any CPU
		{B8B9F288-38F2-4514-9A03-5F870DF87912}.Debug|Any CPU.ActiveCfg = Debug|Any CPU
		{B8B9F288-38F2-4514-9A03-5F870DF87912}.Debug|Any CPU.Build.0 = Debug|Any CPU
		{B8B9F288-38F2-4514-9A03-5F870DF87912}.Debug|x64.ActiveCfg = Debug|Any CPU
		{B8B9F288-38F2-4514-9A03-5F870DF87912}.Debug|x64.Build.0 = Debug|Any CPU
		{B8B9F288-38F2-4514-9A03-5F870DF87912}.Debug|x86.ActiveCfg = Debug|Any CPU
		{B8B9F288-38F2-4514-9A03-5F870DF87912}.Debug|x86.Build.0 = Debug|Any CPU
		{B8B9F288-38F2-4514-9A03-5F870DF87912}.Release|Any CPU.ActiveCfg = Release|Any CPU
		{B8B9F288-38F2-4514-9A03-5F870DF87912}.Release|Any CPU.Build.0 = Release|Any CPU
		{B8B9F288-38F2-4514-9A03-5F870DF87912}.Release|x64.ActiveCfg = Release|Any CPU
		{B8B9F288-38F2-4514-9A03-5F870DF87912}.Release|x64.Build.0 = Release|Any CPU
		{B8B9F288-38F2-4514-9A03-5F870DF87912}.Release|x86.ActiveCfg = Release|Any CPU
		{B8B9F288-38F2-4514-9A03-5F870DF87912}.Release|x86.Build.0 = Release|Any CPU
		{03F8D6F8-95DE-49BC-A51D-6C02D41814A9}.Debug|Any CPU.ActiveCfg = Debug|Any CPU
		{03F8D6F8-95DE-49BC-A51D-6C02D41814A9}.Debug|Any CPU.Build.0 = Debug|Any CPU
		{03F8D6F8-95DE-49BC-A51D-6C02D41814A9}.Debug|x64.ActiveCfg = Debug|Any CPU
		{03F8D6F8-95DE-49BC-A51D-6C02D41814A9}.Debug|x64.Build.0 = Debug|Any CPU
		{03F8D6F8-95DE-49BC-A51D-6C02D41814A9}.Debug|x86.ActiveCfg = Debug|Any CPU
		{03F8D6F8-95DE-49BC-A51D-6C02D41814A9}.Debug|x86.Build.0 = Debug|Any CPU
		{03F8D6F8-95DE-49BC-A51D-6C02D41814A9}.Release|Any CPU.ActiveCfg = Release|Any CPU
		{03F8D6F8-95DE-49BC-A51D-6C02D41814A9}.Release|Any CPU.Build.0 = Release|Any CPU
		{03F8D6F8-95DE-49BC-A51D-6C02D41814A9}.Release|x64.ActiveCfg = Release|Any CPU
		{03F8D6F8-95DE-49BC-A51D-6C02D41814A9}.Release|x64.Build.0 = Release|Any CPU
		{03F8D6F8-95DE-49BC-A51D-6C02D41814A9}.Release|x86.ActiveCfg = Release|Any CPU
		{03F8D6F8-95DE-49BC-A51D-6C02D41814A9}.Release|x86.Build.0 = Release|Any CPU
	EndGlobalSection
	GlobalSection(SolutionProperties) = preSolution
		HideSolutionNode = FALSE
	EndGlobalSection
	GlobalSection(NestedProjects) = preSolution
		{C51BF70D-051A-4011-9408-7B38DD500F42} = {274D4A83-5F3E-4CB7-A581-E397C5161786}
		{EC9FCC3F-252B-412B-A7F6-3C1DE8CEF3FC} = {274D4A83-5F3E-4CB7-A581-E397C5161786}
		{59BEF6A6-2B06-4804-AF2C-BD2E8C24E6B9} = {274D4A83-5F3E-4CB7-A581-E397C5161786}
		{3A605223-B38F-4E59-B3F1-12C03C0878B1} = {B2A9D6CC-E9E7-44D1-B46D-9668FC77B1AA}
		{712CCC93-FD46-42E1-8E77-ABA5A5889860} = {B2A9D6CC-E9E7-44D1-B46D-9668FC77B1AA}
		{C14631CC-B607-46C7-A50B-0D8ABEC92663} = {B2A9D6CC-E9E7-44D1-B46D-9668FC77B1AA}
		{071E51B7-EBDA-43E7-B1BC-34343E184836} = {274D4A83-5F3E-4CB7-A581-E397C5161786}
		{083925C9-B46D-4EB3-BD50-78C54BD5F12B} = {274D4A83-5F3E-4CB7-A581-E397C5161786}
		{E3615FA3-E1FB-44B3-BFD2-CD64A4323236} = {083925C9-B46D-4EB3-BD50-78C54BD5F12B}
		{CFD2098A-5990-4160-8FAF-187FD0BFD315} = {083925C9-B46D-4EB3-BD50-78C54BD5F12B}
		{9C3538B0-4D40-41A5-B9E2-17F59AF8C15D} = {083925C9-B46D-4EB3-BD50-78C54BD5F12B}
		{FEB51F9D-7AA4-47B3-9365-759509B504BA} = {083925C9-B46D-4EB3-BD50-78C54BD5F12B}
		{CD3BCFDD-5915-4671-8D1F-7C45AD3E4C44} = {071E51B7-EBDA-43E7-B1BC-34343E184836}
		{E2A11DE5-4AD1-426C-93C6-A55F5941CC4C} = {071E51B7-EBDA-43E7-B1BC-34343E184836}
		{27A0055C-2391-4CDC-A488-D0B486AA77A8} = {071E51B7-EBDA-43E7-B1BC-34343E184836}
		{45A2C069-CB97-48BE-804D-35F9C002A98F} = {071E51B7-EBDA-43E7-B1BC-34343E184836}
		{317CFBA9-A4C7-4892-A5E6-282BD3E495D4} = {B2A9D6CC-E9E7-44D1-B46D-9668FC77B1AA}
		{8EEFB161-E568-46BF-B6D8-1C5A1067D58F} = {B2A9D6CC-E9E7-44D1-B46D-9668FC77B1AA}
		{A379F3EB-23D3-491B-905B-E6A36DFD7F22} = {274D4A83-5F3E-4CB7-A581-E397C5161786}
		{03F8D6F8-95DE-49BC-A51D-6C02D41814A9} = {274D4A83-5F3E-4CB7-A581-E397C5161786}
	EndGlobalSection
	GlobalSection(ExtensibilityGlobals) = postSolution
		SolutionGuid = {E10922D1-7478-46CB-87CB-4DC3053119DD}
	EndGlobalSection
EndGlobal
