{
  "version": 2,
  "dependencies": {
    "net8.0": {
      "MailKit": {
        "type": "Direct",
        "requested": "[4.8.0, )",
        "resolved": "4.8.0",
        "contentHash": "zZ1UoM4FUnSFUJ9fTl5CEEaejR0DNP6+FDt1OfXnjg4igZntcir1tg/8Ufd6WY5vrpmvToAjluYqjVM24A+5lA==",
        "dependencies": {
          "MimeKit": "4.8.0",
          "System.Formats.Asn1": "8.0.1"
        }
      },
      "Serilog": {
        "type": "Direct",
        "requested": "[4.0.2, )",
        "resolved": "4.0.2",
        "contentHash": "Vehq4uNYtURe/OnHEpWGvMgrvr5Vou7oZLdn3BuEH5FSCeHXDpNJtpzWoqywXsSvCTuiv0I65mZDRnJSeUvisA=="
      },
      "Serilog.Sinks.PeriodicBatching": {
        "type": "Direct",
        "requested": "[5.0.0, )",
        "resolved": "5.0.0",
        "contentHash": "k57sDVgYitVdA5h9XSvy8lSlEts1ZzqlApHINUNV5WIuvnt6Z18LNynUQI6JYioKdqbUhkY6+KP844w7/awcOw==",
        "dependencies": {
          "Serilog": "4.0.0"
        }
      },
      "System.Text.RegularExpressions": {
        "type": "Direct",
        "requested": "[4.3.1, )",
        "resolved": "4.3.1",
        "contentHash": "N0kNRrWe4+nXOWlpLT4LAY5brb8caNFlUuIRpraCVMDLYutKkol1aV079rQjLuSxKMJT2SpBQsYX9xbcTMmzwg==",
        "dependencies": {
          "System.Runtime": "4.3.1"
        }
      },
      "BouncyCastle.Cryptography": {
        "type": "Transitive",
        "resolved": "2.4.0",
        "contentHash": "SwXsAV3sMvAU/Nn31pbjhWurYSjJ+/giI/0n6tCrYoupEK34iIHCuk3STAd9fx8yudM85KkLSVdn951vTng/vQ=="
      },
      "Microsoft.NETCore.Platforms": {
        "type": "Transitive",
        "resolved": "1.1.1",
        "contentHash": "TMBuzAHpTenGbGgk0SMTwyEkyijY/Eae4ZGsFNYJvAr/LDn1ku3Etp3FPxChmDp5HHF3kzJuoaa08N0xjqAJfQ=="
      },
      "Microsoft.NETCore.Targets": {
        "type": "Transitive",
        "resolved": "1.1.3",
        "contentHash": "3Wrmi0kJDzClwAC+iBdUBpEKmEle8FQNsCs77fkiOIw/9oYA07bL1EZNX0kQ2OMN3xpwvl0vAtOCYY3ndDNlhQ=="
      },
      "MimeKit": {
        "type": "Transitive",
        "resolved": "4.8.0",
        "contentHash": "U24wp4LKED+sBRzyrWICE+3bSwptsTrPOcCIXbW5zfeThCNzQx5NCo8Wus+Rmi+EUkQrCwlI/3sVfejeq9tuxQ==",
        "dependencies": {
          "BouncyCastle.Cryptography": "2.4.0",
          "System.Formats.Asn1": "8.0.1",
          "System.Security.Cryptography.Pkcs": "8.0.0"
        }
      },
      "System.Formats.Asn1": {
        "type": "Transitive",
        "resolved": "8.0.1",
        "contentHash": "XqKba7Mm/koKSjKMfW82olQdmfbI5yqeoLV/tidRp7fbh5rmHAQ5raDI/7SU0swTzv+jgqtUGkzmFxuUg0it1A=="
      },
      "System.Runtime": {
        "type": "Transitive",
        "resolved": "4.3.1",
        "contentHash": "abhfv1dTK6NXOmu4bgHIONxHyEqFjW8HwXPmpY9gmll+ix9UNo4XDcmzJn6oLooftxNssVHdJC1pGT9jkSynQg==",
        "dependencies": {
          "Microsoft.NETCore.Platforms": "1.1.1",
          "Microsoft.NETCore.Targets": "1.1.3"
        }
      },
      "System.Security.Cryptography.Pkcs": {
        "type": "Transitive",
        "resolved": "8.0.0",
        "contentHash": "ULmp3xoOwNYjOYp4JZ2NK/6NdTgiN1GQXzVVN1njQ7LOZ0d0B9vyMnhyqbIi9Qw4JXj1JgCsitkTShboHRx7Eg==",
        "dependencies": {
          "System.Formats.Asn1": "8.0.0"
        }
      }
    }
  }
}